{
  "name": "dsh-model-fit",
  "version": "0.1.8",
  "lockfileVersion": 3,
  "requires": true,
  "packages": {
    "": {
      "name": "dsh-model-fit",
      "version": "0.1.8",
      "license": "MIT",
      "peerDependencies": {
        "@deepseek-ai/cordis": "*",
        "@deepseek-ai/dsh-typert-protocol": "^0.1.1-rc.2",
        "@deepseek-ai/schemastery": "*",
        "@earendil-works/pi-ai": "^0.84.3"
      },
      "peerDependenciesMeta": {
        "@deepseek-ai/cordis": {
          "optional": true
        },
        "@deepseek-ai/dsh-typert-protocol": {
          "optional": true
        },
        "@deepseek-ai/schemastery": {
          "optional": true
        },
        "@earendil-works/pi-ai": {
          "optional": true
        }
      }
    }
  }
}
